
Microsoft Visual Studio Solution File, Format Version 12.00
# Visual Studio 15
VisualStudioVersion = 15.0.28307.329
MinimumVisualStudioVersion = 10.0.40219.1
Project("{FAE04EC0-301F-11D3-BF4B-00C04F79EFBC}") = "LeaderboardInSong", "LeaderboardInSong\LeaderboardInSong.csproj", "{AC5C3EED-4366-4896-8349-88BEA7AD9D29}"
EndProject
Global
	GlobalSection(SolutionConfigurationPlatforms) = preSolution
		Debug|Any CPU = Debug|Any CPU
		Release|Any CPU = Release|Any CPU
	EndGlobalSection
	GlobalSection(ProjectConfigurationPlatforms) = postSolution
		{AC5C3EED-4366-4896-8349-88BEA7AD9D29}.Debug|Any CPU.ActiveCfg = Debug|Any CPU
		{AC5C3EED-4366-4896-8349-88BEA7AD9D29}.Debug|Any CPU.Build.0 = Debug|Any CPU
		{AC5C3EED-4366-4896-8349-88BEA7AD9D29}.Release|Any CPU.ActiveCfg = Release|Any CPU
		{AC5C3EED-4366-4896-8349-88BEA7AD9D29}.Release|Any CPU.Build.0 = Release|Any CPU
	EndGlobalSection
	GlobalSection(SolutionProperties) = preSolution
		HideSolutionNode = FALSE
	EndGlobalSection
	GlobalSection(ExtensibilityGlobals) = postSolution
		SolutionGuid = {82047175-BF68-4EB8-983E-4EBC1EC2C795}
	EndGlobalSection
EndGlobal
